
Microsoft Visual Studio Solution File, Format Version 12.00
# Visual Studio Version 17
VisualStudioVersion = 17.13.35931.197 d17.13
MinimumVisualStudioVersion = 10.0.40219.1
Project("{FAE04EC0-301F-11D3-BF4B-00C04F79EFBC}") = "AlgoMCPServer", "AlgoMCPServer\AlgoMCPServer.csproj", "{4B67997B-E26F-4372-9ABC-916DBD7DC8A5}"
EndProject
Global
	GlobalSection(SolutionConfigurationPlatforms) = preSolution
		Debug|Any CPU = Debug|Any CPU
		Release|Any CPU = Release|Any CPU
	EndGlobalSection
	GlobalSection(ProjectConfigurationPlatforms) = postSolution
		{4B67997B-E26F-4372-9ABC-916DBD7DC8A5}.Debug|Any CPU.ActiveCfg = Debug|Any CPU
		{4B67997B-E26F-4372-9ABC-916DBD7DC8A5}.Debug|Any CPU.Build.0 = Debug|Any CPU
		{4B67997B-E26F-4372-9ABC-916DBD7DC8A5}.Release|Any CPU.ActiveCfg = Release|Any CPU
		{4B67997B-E26F-4372-9ABC-916DBD7DC8A5}.Release|Any CPU.Build.0 = Release|Any CPU
	EndGlobalSection
	GlobalSection(SolutionProperties) = preSolution
		HideSolutionNode = FALSE
	EndGlobalSection
	GlobalSection(ExtensibilityGlobals) = postSolution
		SolutionGuid = {494728D7-1200-41F8-A112-38BB44587FC4}
	EndGlobalSection
EndGlobal
